
Microsoft Visual Studio Solution File, Format Version 12.00
# Visual Studio Version 16
VisualStudioVersion = 16.0.30621.155
MinimumVisualStudioVersion = 10.0.40219.1
Project("{FAE04EC0-301F-11D3-BF4B-00C04F79EFBC}") = "VyMapsDataCollector", "VyMapsDataCollector\VyMapsDataCollector.csproj", "{4EF58933-96ED-4223-8697-037156DA052C}"
EndProject
Global
	GlobalSection(SolutionConfigurationPlatforms) = preSolution
		Debug|Any CPU = Debug|Any CPU
		Release|Any CPU = Release|Any CPU
	EndGlobalSection
	GlobalSection(ProjectConfigurationPlatforms) = postSolution
		{4EF58933-96ED-4223-8697-037156DA052C}.Debug|Any CPU.ActiveCfg = Debug|Any CPU
		{4EF58933-96ED-4223-8697-037156DA052C}.Debug|Any CPU.Build.0 = Debug|Any CPU
		{4EF58933-96ED-4223-8697-037156DA052C}.Release|Any CPU.ActiveCfg = Release|Any CPU
		{4EF58933-96ED-4223-8697-037156DA052C}.Release|Any CPU.Build.0 = Release|Any CPU
	EndGlobalSection
	GlobalSection(SolutionProperties) = preSolution
		HideSolutionNode = FALSE
	EndGlobalSection
	GlobalSection(ExtensibilityGlobals) = postSolution
		SolutionGuid = {CD23A3C0-3874-4D9A-B479-EEC2EC8BA29E}
	EndGlobalSection
EndGlobal
